{
  "name": "book",
  "lockfileVersion": 2,
  "requires": true,
  "packages": {
    "": {
      "dependencies": {
        "gitbook-plugin-sitemap": "^1.2.0",
        "gitbook-plugin-sitemap-general": "^0.1.1"
      }
    },
    "node_modules/gitbook-plugin-sitemap": {
      "version": "1.2.0",
      "resolved": "https://registry.npmjs.org/gitbook-plugin-sitemap/-/gitbook-plugin-sitemap-1.2.0.tgz",
      "integrity": "sha1-hneZN1C5ZYOMkG/nz8CiB8DQbcs=",
      "dependencies": {
        "sitemap": "1.5.0"
      },
      "engines": {
        "gitbook": ">=3.0.0-pre.0"
      }
    },
    "node_modules/gitbook-plugin-sitemap-general": {
      "version": "0.1.1",
      "resolved": "https://registry.npmjs.org/gitbook-plugin-sitemap-general/-/gitbook-plugin-sitemap-general-0.1.1.tgz",
      "integrity": "sha512-Oe3ClhXzuxdsEnN7uhhMLIylXeMSFuW0YZhAe+Wk0agAXvlcBgOk61gnnp1Nde4QJ7lu2Vi2XNh2sI4uPGJT5g==",
      "dependencies": {
        "sitemap": "1.5.0"
      },
      "engines": {
        "gitbook": ">=3.0.0-pre.0"
      }
    },
    "node_modules/sitemap": {
      "version": "1.5.0",
      "resolved": "https://registry.npmjs.org/sitemap/-/sitemap-1.5.0.tgz",
      "integrity": "sha1-RbPoib96XbDvvyxMb8sVbKh+EgE=",
      "dependencies": {
        "underscore": "^1.7.0",
        "url-join": "^0.0.1"
      }
    },
    "node_modules/underscore": {
      "version": "1.13.1",
      "resolved": "https://registry.npmjs.org/underscore/-/underscore-1.13.1.tgz",
      "integrity": "sha512-hzSoAVtJF+3ZtiFX0VgfFPHEDRm7Y/QPjGyNo4TVdnDTdft3tr8hEkD25a1jC+TjTuE7tkHGKkhwCgs9dgBB2g=="
    },
    "node_modules/url-join": {
      "version": "0.0.1",
      "resolved": "https://registry.npmjs.org/url-join/-/url-join-0.0.1.tgz",
      "integrity": "sha1-HbSK1CLTQCRpqH99l73r/k+x48g="
    }
  },
  "dependencies": {
    "gitbook-plugin-sitemap": {
      "version": "1.2.0",
      "resolved": "https://registry.npmjs.org/gitbook-plugin-sitemap/-/gitbook-plugin-sitemap-1.2.0.tgz",
      "integrity": "sha1-hneZN1C5ZYOMkG/nz8CiB8DQbcs=",
      "requires": {
        "sitemap": "1.5.0"
      }
    },
    "gitbook-plugin-sitemap-general": {
      "version": "0.1.1",
      "resolved": "https://registry.npmjs.org/gitbook-plugin-sitemap-general/-/gitbook-plugin-sitemap-general-0.1.1.tgz",
      "integrity": "sha512-Oe3ClhXzuxdsEnN7uhhMLIylXeMSFuW0YZhAe+Wk0agAXvlcBgOk61gnnp1Nde4QJ7lu2Vi2XNh2sI4uPGJT5g==",
      "requires": {
        "sitemap": "1.5.0"
      }
    },
    "sitemap": {
      "version": "1.5.0",
      "resolved": "https://registry.npmjs.org/sitemap/-/sitemap-1.5.0.tgz",
      "integrity": "sha1-RbPoib96XbDvvyxMb8sVbKh+EgE=",
      "requires": {
        "underscore": "^1.7.0",
        "url-join": "^0.0.1"
      }
    },
    "underscore": {
      "version": "1.13.1",
      "resolved": "https://registry.npmjs.org/underscore/-/underscore-1.13.1.tgz",
      "integrity": "sha512-hzSoAVtJF+3ZtiFX0VgfFPHEDRm7Y/QPjGyNo4TVdnDTdft3tr8hEkD25a1jC+TjTuE7tkHGKkhwCgs9dgBB2g=="
    },
    "url-join": {
      "version": "0.0.1",
      "resolved": "https://registry.npmjs.org/url-join/-/url-join-0.0.1.tgz",
      "integrity": "sha1-HbSK1CLTQCRpqH99l73r/k+x48g="
    }
  }
}
